
Microsoft Visual Studio Solution File, Format Version 12.00
# Visual Studio Version 16
VisualStudioVersion = 16.0.31321.278
MinimumVisualStudioVersion = 10.0.40219.1
Project("{9A19103F-16F7-4668-BE54-9A1E7A4F7556}") = "check-up-money", "check-up-money.csproj", "{B831CC58-9B6F-44FB-B79C-167CB2C0F29E}"
EndProject
Project("{FAE04EC0-301F-11D3-BF4B-00C04F79EFBC}") = "check-up-money-test", "..\check-up-money-test\check-up-money-test.csproj", "{0FF17F36-99C2-4040-A639-FAA7A6298EA5}"
EndProject
Global
	GlobalSection(SolutionConfigurationPlatforms) = preSolution
		Debug|Any CPU = Debug|Any CPU
		Release|Any CPU = Release|Any CPU
	EndGlobalSection
	GlobalSection(ProjectConfigurationPlatforms) = postSolution
		{B831CC58-9B6F-44FB-B79C-167CB2C0F29E}.Debug|Any CPU.ActiveCfg = Debug|Any CPU
		{B831CC58-9B6F-44FB-B79C-167CB2C0F29E}.Debug|Any CPU.Build.0 = Debug|Any CPU
		{B831CC58-9B6F-44FB-B79C-167CB2C0F29E}.Release|Any CPU.ActiveCfg = Release|Any CPU
		{B831CC58-9B6F-44FB-B79C-167CB2C0F29E}.Release|Any CPU.Build.0 = Release|Any CPU
		{0FF17F36-99C2-4040-A639-FAA7A6298EA5}.Debug|Any CPU.ActiveCfg = Debug|Any CPU
		{0FF17F36-99C2-4040-A639-FAA7A6298EA5}.Debug|Any CPU.Build.0 = Debug|Any CPU
		{0FF17F36-99C2-4040-A639-FAA7A6298EA5}.Release|Any CPU.ActiveCfg = Release|Any CPU
		{0FF17F36-99C2-4040-A639-FAA7A6298EA5}.Release|Any CPU.Build.0 = Release|Any CPU
	EndGlobalSection
	GlobalSection(SolutionProperties) = preSolution
		HideSolutionNode = FALSE
	EndGlobalSection
	GlobalSection(ExtensibilityGlobals) = postSolution
		SolutionGuid = {25B8E5D9-5112-4361-8894-85BC533B36C3}
	EndGlobalSection
EndGlobal
